
Microsoft Visual Studio Solution File, Format Version 12.00
# Visual Studio Version 17
VisualStudioVersion = 17.9.34723.18
MinimumVisualStudioVersion = 10.0.40219.1
Project("{FAE04EC0-301F-11D3-BF4B-00C04F79EFBC}") = "SinavHazirlik", "SinavHazirlik\SinavHazirlik.csproj", "{AED7A233-4BB7-4FA6-B886-3519F09DF4D6}"
EndProject
Global
	GlobalSection(SolutionConfigurationPlatforms) = preSolution
		Debug|Any CPU = Debug|Any CPU
		Release|Any CPU = Release|Any CPU
	EndGlobalSection
	GlobalSection(ProjectConfigurationPlatforms) = postSolution
		{AED7A233-4BB7-4FA6-B886-3519F09DF4D6}.Debug|Any CPU.ActiveCfg = Debug|Any CPU
		{AED7A233-4BB7-4FA6-B886-3519F09DF4D6}.Debug|Any CPU.Build.0 = Debug|Any CPU
		{AED7A233-4BB7-4FA6-B886-3519F09DF4D6}.Release|Any CPU.ActiveCfg = Release|Any CPU
		{AED7A233-4BB7-4FA6-B886-3519F09DF4D6}.Release|Any CPU.Build.0 = Release|Any CPU
	EndGlobalSection
	GlobalSection(SolutionProperties) = preSolution
		HideSolutionNode = FALSE
	EndGlobalSection
	GlobalSection(ExtensibilityGlobals) = postSolution
		SolutionGuid = {DC5FA46F-2891-4982-BAF3-FCFA87586FF1}
	EndGlobalSection
EndGlobal
